// !$*UTF8*$!
{
	archiveVersion = 1;
	classes = {
	};
	objectVersion = 50;
	objects = {

/* Begin PBXBuildFile section */
		8A92DF95E783A538E54E8F8A /* Pods_DDCOfflineStore.framework in Frameworks */ = {isa = PBXBuildFile; fileRef = 35BEBE9EF557ECB6845068E0 /* Pods_DDCOfflineStore.framework */; };
		D3184D1F218D64CD006AAC2D /* DDCStoreAndContractTypeAPIManager.swift in Sources */ = {isa = PBXBuildFile; fileRef = D3184D1E218D64CD006AAC2D /* DDCStoreAndContractTypeAPIManager.swift */; };
		D3184D2121901767006AAC2D /* DDCCheckBoxTableViewCell.swift in Sources */ = {isa = PBXBuildFile; fileRef = D3184D2021901767006AAC2D /* DDCCheckBoxTableViewCell.swift */; };
		D3184D2421901843006AAC2D /* DDCCheckBoxWithImageView.swift in Sources */ = {isa = PBXBuildFile; fileRef = D3184D2321901843006AAC2D /* DDCCheckBoxWithImageView.swift */; };
		D3184D2621903606006AAC2D /* DDCCheckBoxTableViewCellControl.swift in Sources */ = {isa = PBXBuildFile; fileRef = D3184D2521903606006AAC2D /* DDCCheckBoxTableViewCellControl.swift */; };
		D3184D28219050BF006AAC2D /* DDCCheckBoxModel.swift in Sources */ = {isa = PBXBuildFile; fileRef = D3184D27219050BF006AAC2D /* DDCCheckBoxModel.swift */; };
		D3276D812188425700D04E9F /* DDCToolbar.swift in Sources */ = {isa = PBXBuildFile; fileRef = D3276D802188425700D04E9F /* DDCToolbar.swift */; };
		D32D2FE821786A0600CA3E42 /* DDCOffLineStoreModel.swift in Sources */ = {isa = PBXBuildFile; fileRef = D32D2FE721786A0600CA3E42 /* DDCOffLineStoreModel.swift */; };
		D3597CFA2178518B00C4A2F2 /* DDCUserStatus.swift in Sources */ = {isa = PBXBuildFile; fileRef = D3597CF92178518B00C4A2F2 /* DDCUserStatus.swift */; };
		D35D24AA21943CDA0067CF09 /* DDCDefaultView.swift in Sources */ = {isa = PBXBuildFile; fileRef = D35D24A921943CDA0067CF09 /* DDCDefaultView.swift */; };
		D35D24AC219442CF0067CF09 /* DDCBasicViewController.swift in Sources */ = {isa = PBXBuildFile; fileRef = D35D24AB219442CF0067CF09 /* DDCBasicViewController.swift */; };
		D3ABC4FA218BF86800B1B2A8 /* DDCDrawSignatureView.swift in Sources */ = {isa = PBXBuildFile; fileRef = D3ABC4F9218BF86700B1B2A8 /* DDCDrawSignatureView.swift */; };
		D3ABC4FC218BFCFE00B1B2A8 /* DDCEditSignatureView.swift in Sources */ = {isa = PBXBuildFile; fileRef = D3ABC4FB218BFCFE00B1B2A8 /* DDCEditSignatureView.swift */; };
		D3AE110E2181A13100E61E08 /* DDCContractListViewController.swift in Sources */ = {isa = PBXBuildFile; fileRef = D3AE11012181A13100E61E08 /* DDCContractListViewController.swift */; };
		D3AE110F2181A13100E61E08 /* DDCLoginRegisterViewController.swift in Sources */ = {isa = PBXBuildFile; fileRef = D3AE11022181A13100E61E08 /* DDCLoginRegisterViewController.swift */; };
		D3AE11102181A13100E61E08 /* DDCProgressViewController.swift in Sources */ = {isa = PBXBuildFile; fileRef = D3AE11032181A13100E61E08 /* DDCProgressViewController.swift */; };
		D3AE11112181A13100E61E08 /* DDCOrderingTableViewController.swift in Sources */ = {isa = PBXBuildFile; fileRef = D3AE11042181A13100E61E08 /* DDCOrderingTableViewController.swift */; };
		D3AE11122181A13100E61E08 /* DDCContractDetailsViewController.swift in Sources */ = {isa = PBXBuildFile; fileRef = D3AE11052181A13100E61E08 /* DDCContractDetailsViewController.swift */; };
		D3AE11132181A13100E61E08 /* EnviromentSwitchViewController.swift in Sources */ = {isa = PBXBuildFile; fileRef = D3AE11062181A13100E61E08 /* EnviromentSwitchViewController.swift */; };
		D3AE11142181A13100E61E08 /* DDCEditClientInfoViewController.swift in Sources */ = {isa = PBXBuildFile; fileRef = D3AE11082181A13100E61E08 /* DDCEditClientInfoViewController.swift */; };
		D3AE11152181A13100E61E08 /* DDCChildContractViewController.swift in Sources */ = {isa = PBXBuildFile; fileRef = D3AE11092181A13100E61E08 /* DDCChildContractViewController.swift */; };
		D3AE11162181A13100E61E08 /* DDCSelectStoreViewController.swift in Sources */ = {isa = PBXBuildFile; fileRef = D3AE110A2181A13100E61E08 /* DDCSelectStoreViewController.swift */; };
		D3AE11172181A13100E61E08 /* DDCPaymentViewController.swift in Sources */ = {isa = PBXBuildFile; fileRef = D3AE110B2181A13100E61E08 /* DDCPaymentViewController.swift */; };
		D3AE11182181A13100E61E08 /* DDCCreateContractViewController.swift in Sources */ = {isa = PBXBuildFile; fileRef = D3AE110C2181A13100E61E08 /* DDCCreateContractViewController.swift */; };
		D3AE11192181A13100E61E08 /* DDCAddContractInfoViewController.swift in Sources */ = {isa = PBXBuildFile; fileRef = D3AE110D2181A13100E61E08 /* DDCAddContractInfoViewController.swift */; };
		D3AE111D2181AB8200E61E08 /* DDCLineView.swift in Sources */ = {isa = PBXBuildFile; fileRef = D3AE111C2181AB8200E61E08 /* DDCLineView.swift */; };
		D3B607C3217458E80086387B /* DDCContractModel.swift in Sources */ = {isa = PBXBuildFile; fileRef = D3B607C2217458E80086387B /* DDCContractModel.swift */; };
		D3B607C521745A3A0086387B /* DDCContractTypeModel.swift in Sources */ = {isa = PBXBuildFile; fileRef = D3B607C421745A3A0086387B /* DDCContractTypeModel.swift */; };
		D3B607C721745A440086387B /* DDCStoreModel.swift in Sources */ = {isa = PBXBuildFile; fileRef = D3B607C621745A440086387B /* DDCStoreModel.swift */; };
		D3B607C921745A4D0086387B /* DDCSubContractModel.swift in Sources */ = {isa = PBXBuildFile; fileRef = D3B607C821745A4D0086387B /* DDCSubContractModel.swift */; };
		D3B607CB21745A560086387B /* DDCContractPackageModel.swift in Sources */ = {isa = PBXBuildFile; fileRef = D3B607CA21745A560086387B /* DDCContractPackageModel.swift */; };
		D3B607CD21745A5F0086387B /* DDCContractPackageCategoryModel.swift in Sources */ = {isa = PBXBuildFile; fileRef = D3B607CC21745A5F0086387B /* DDCContractPackageCategoryModel.swift */; };
		D3B607CF21745A6D0086387B /* DDCCustomerModel.swift in Sources */ = {isa = PBXBuildFile; fileRef = D3B607CE21745A6D0086387B /* DDCCustomerModel.swift */; };
		D3B607DD21748AB40086387B /* DDCContractStateInfoViewModel.swift in Sources */ = {isa = PBXBuildFile; fileRef = D3B607DC21748AB40086387B /* DDCContractStateInfoViewModel.swift */; };
		D3B607F5217499C20086387B /* DDCLoadingView.swift in Sources */ = {isa = PBXBuildFile; fileRef = D3B607E2217499C10086387B /* DDCLoadingView.swift */; };
		D3B607F6217499C20086387B /* DDCContractListTableHeaderView.swift in Sources */ = {isa = PBXBuildFile; fileRef = D3B607E4217499C10086387B /* DDCContractListTableHeaderView.swift */; };
		D3B607F9217499C20086387B /* DDCBottomBar.swift in Sources */ = {isa = PBXBuildFile; fileRef = D3B607E9217499C10086387B /* DDCBottomBar.swift */; };
		D3B607FA217499C20086387B /* DDCBarButton.swift in Sources */ = {isa = PBXBuildFile; fileRef = D3B607EA217499C10086387B /* DDCBarButton.swift */; };
		D3B607FB217499C20086387B /* DDCCountButton.swift in Sources */ = {isa = PBXBuildFile; fileRef = D3B607EB217499C10086387B /* DDCCountButton.swift */; };
		D3B607FC217499C20086387B /* DDCSubmitButton.swift in Sources */ = {isa = PBXBuildFile; fileRef = D3B607EC217499C10086387B /* DDCSubmitButton.swift */; };
		D3B607FD217499C20086387B /* DDCProgressCollectionViewLayout.swift in Sources */ = {isa = PBXBuildFile; fileRef = D3B607EE217499C10086387B /* DDCProgressCollectionViewLayout.swift */; };
		D3B607FE217499C20086387B /* DDCInputFieldView.swift in Sources */ = {isa = PBXBuildFile; fileRef = D3B607F0217499C10086387B /* DDCInputFieldView.swift */; };
		D3B607FF217499C20086387B /* DDCCircularTextFieldWithExtraButtonView.swift in Sources */ = {isa = PBXBuildFile; fileRef = D3B607F1217499C10086387B /* DDCCircularTextFieldWithExtraButtonView.swift */; };
		D3B60800217499C20086387B /* DDCCircularTextFieldView.swift in Sources */ = {isa = PBXBuildFile; fileRef = D3B607F2217499C10086387B /* DDCCircularTextFieldView.swift */; };
		D3B60801217499C20086387B /* DDCBarBackgroundView.swift in Sources */ = {isa = PBXBuildFile; fileRef = D3B607F4217499C10086387B /* DDCBarBackgroundView.swift */; };
		D3BBBBF0217710B600FC5E23 /* DDCContractInfoModel.swift in Sources */ = {isa = PBXBuildFile; fileRef = D3BBBBEF217710B600FC5E23 /* DDCContractInfoModel.swift */; };
		D3BBBBF2217711E700FC5E23 /* DDCPayMethod.swift in Sources */ = {isa = PBXBuildFile; fileRef = D3BBBBF1217711E700FC5E23 /* DDCPayMethod.swift */; };
		D3CC64FA216F2C7C00383DD5 /* Assets.xcassets in Resources */ = {isa = PBXBuildFile; fileRef = D3CC64CE216F2C7C00383DD5 /* Assets.xcassets */; };
		D3CC64FB216F2C7C00383DD5 /* LaunchScreen.storyboard in Resources */ = {isa = PBXBuildFile; fileRef = D3CC64CF216F2C7C00383DD5 /* LaunchScreen.storyboard */; };
		D3CC64FD216F2C7C00383DD5 /* DDCContractListAPIManager.swift in Sources */ = {isa = PBXBuildFile; fileRef = D3CC64D4216F2C7C00383DD5 /* DDCContractListAPIManager.swift */; };
		D3CC64FE216F2C7C00383DD5 /* DDCAPIManager.swift in Sources */ = {isa = PBXBuildFile; fileRef = D3CC64D5216F2C7C00383DD5 /* DDCAPIManager.swift */; };
		D3CC64FF216F2C7C00383DD5 /* DDCAppDelegate.swift in Sources */ = {isa = PBXBuildFile; fileRef = D3CC64D6216F2C7C00383DD5 /* DDCAppDelegate.swift */; };
		D3CC6500216F2C7C00383DD5 /* UIView+DDCToast.swift in Sources */ = {isa = PBXBuildFile; fileRef = D3CC64D8216F2C7C00383DD5 /* UIView+DDCToast.swift */; };
		D3CC6501216F2C7C00383DD5 /* DDCColor.swift in Sources */ = {isa = PBXBuildFile; fileRef = D3CC64D9216F2C7C00383DD5 /* DDCColor.swift */; };
		D3CC6502216F2C7C00383DD5 /* DDCOpenUUID.swift in Sources */ = {isa = PBXBuildFile; fileRef = D3CC64DB216F2C7C00383DD5 /* DDCOpenUUID.swift */; };
		D3CC6503216F2C7C00383DD5 /* DDCTools.swift in Sources */ = {isa = PBXBuildFile; fileRef = D3CC64DC216F2C7C00383DD5 /* DDCTools.swift */; };
		D3CC6504216F2C7C00383DD5 /* DDCContract.swift in Sources */ = {isa = PBXBuildFile; fileRef = D3CC64DD216F2C7C00383DD5 /* DDCContract.swift */; };
		D3CC6505216F2C7C00383DD5 /* DDCAppConfig.swift in Sources */ = {isa = PBXBuildFile; fileRef = D3CC64DE216F2C7C00383DD5 /* DDCAppConfig.swift */; };
		D3CC6506216F2C7C00383DD5 /* DDCKeyboardStateListener.swift in Sources */ = {isa = PBXBuildFile; fileRef = D3CC64DF216F2C7C00383DD5 /* DDCKeyboardStateListener.swift */; };
		D3CC6507216F2C7C00383DD5 /* DDCUserDefaults.swift in Sources */ = {isa = PBXBuildFile; fileRef = D3CC64E0216F2C7C00383DD5 /* DDCUserDefaults.swift */; };
		D3CC6508216F2C7C00383DD5 /* DDCStore.swift in Sources */ = {isa = PBXBuildFile; fileRef = D3CC64E1216F2C7C00383DD5 /* DDCStore.swift */; };
		D3CC6509216F2C7C00383DD5 /* DDCUserModel.swift in Sources */ = {isa = PBXBuildFile; fileRef = D3CC64E5216F2C7C00383DD5 /* DDCUserModel.swift */; };
		D3CC650A216F2C7C00383DD5 /* DDCContractDetailsModel.swift in Sources */ = {isa = PBXBuildFile; fileRef = D3CC64E7216F2C7C00383DD5 /* DDCContractDetailsModel.swift */; };
		D3D2559B2199571B009C72B0 /* DDCContractDetailsCollectionViewCell.swift in Sources */ = {isa = PBXBuildFile; fileRef = D3D2559A2199571B009C72B0 /* DDCContractDetailsCollectionViewCell.swift */; };
		D3D2559D219962B2009C72B0 /* DDCAddContractInfoModelFactory.swift in Sources */ = {isa = PBXBuildFile; fileRef = D3D2559C219962B2009C72B0 /* DDCAddContractInfoModelFactory.swift */; };
		D3D2559F21996BD7009C72B0 /* DDCContractHeaderFooterView.swift in Sources */ = {isa = PBXBuildFile; fileRef = D3D2559E21996BD7009C72B0 /* DDCContractHeaderFooterView.swift */; };
		D3D255A121997A0C009C72B0 /* DDCSectionFooterView.swift in Sources */ = {isa = PBXBuildFile; fileRef = D3D255A021997A0C009C72B0 /* DDCSectionFooterView.swift */; };
		D3D6718921806F8E0080B22B /* DDCContractDetailsHeaderView.swift in Sources */ = {isa = PBXBuildFile; fileRef = D3D6718821806F8E0080B22B /* DDCContractDetailsHeaderView.swift */; };
		D3DAA4A72175A911003B0289 /* DDCButton.swift in Sources */ = {isa = PBXBuildFile; fileRef = D3DAA4A62175A911003B0289 /* DDCButton.swift */; };
		D3DAA4AB2175CC46003B0289 /* DDCSystemUserLoginAPIManager.swift in Sources */ = {isa = PBXBuildFile; fileRef = D3DAA4AA2175CC46003B0289 /* DDCSystemUserLoginAPIManager.swift */; };
		D3DE3089217EE8D2003D5B15 /* DDCContractDetailsViewModelFactory.swift in Sources */ = {isa = PBXBuildFile; fileRef = D3DE3088217EE8D2003D5B15 /* DDCContractDetailsViewModelFactory.swift */; };
		D3E73D252182C10700A5073A /* DDCString.swift in Sources */ = {isa = PBXBuildFile; fileRef = D3E73D242182C10700A5073A /* DDCString.swift */; };
		D3E73D2D218302C100A5073A /* DDCContractStateLineCollectionViewCell.swift in Sources */ = {isa = PBXBuildFile; fileRef = D3E73D28218302C000A5073A /* DDCContractStateLineCollectionViewCell.swift */; };
		D3E73D2E218302C100A5073A /* DDCContractStateInfoCell.swift in Sources */ = {isa = PBXBuildFile; fileRef = D3E73D29218302C000A5073A /* DDCContractStateInfoCell.swift */; };
		D3E73D2F218302C100A5073A /* DDCContractListTableViewCell.swift in Sources */ = {isa = PBXBuildFile; fileRef = D3E73D2B218302C000A5073A /* DDCContractListTableViewCell.swift */; };
		D3E73D30218302C100A5073A /* DDCContractDetailsCell.swift in Sources */ = {isa = PBXBuildFile; fileRef = D3E73D2C218302C000A5073A /* DDCContractDetailsCell.swift */; };
		D3E73D32218302CD00A5073A /* DDCTitleTextFieldCell.swift in Sources */ = {isa = PBXBuildFile; fileRef = D3E73D31218302CD00A5073A /* DDCTitleTextFieldCell.swift */; };
		D3E8328521797BBD00685FFB /* DDCContractDetailsAPIManager.swift in Sources */ = {isa = PBXBuildFile; fileRef = D3E8328421797BBD00685FFB /* DDCContractDetailsAPIManager.swift */; };
		D3E832872179A74200685FFB /* DDCEditClientInfoAPIManager.swift in Sources */ = {isa = PBXBuildFile; fileRef = D3E832862179A74200685FFB /* DDCEditClientInfoAPIManager.swift */; };
		D3E832892179A7D900685FFB /* DDCChannelModel.swift in Sources */ = {isa = PBXBuildFile; fileRef = D3E832882179A7D900685FFB /* DDCChannelModel.swift */; };
		D3E8328B2179AFA600685FFB /* DDCStoreOptionsAPIManager.swift in Sources */ = {isa = PBXBuildFile; fileRef = D3E8328A2179AFA600685FFB /* DDCStoreOptionsAPIManager.swift */; };
		D3ED086C2195525B001763E2 /* DDCRadioButtonTableViewCell.swift in Sources */ = {isa = PBXBuildFile; fileRef = D3ED086B2195525B001763E2 /* DDCRadioButtonTableViewCell.swift */; };
		D3ED086E219556D2001763E2 /* DDCSectionHeaderView.swift in Sources */ = {isa = PBXBuildFile; fileRef = D3ED086D219556D2001763E2 /* DDCSectionHeaderView.swift */; };
		D3EEAE40217D7B8A0078737A /* DDCOrderingHeaderView.swift in Sources */ = {isa = PBXBuildFile; fileRef = D3EEAE3F217D7B8A0078737A /* DDCOrderingHeaderView.swift */; };
		D3F88199215F2A950091C61A /* DDCOfflineStoreTests.swift in Sources */ = {isa = PBXBuildFile; fileRef = D3F88198215F2A950091C61A /* DDCOfflineStoreTests.swift */; };
		D3F881A4215F2A950091C61A /* DDCOfflineStoreUITests.swift in Sources */ = {isa = PBXBuildFile; fileRef = D3F881A3215F2A950091C61A /* DDCOfflineStoreUITests.swift */; };
		D3FDEB9B2186B35F00856581 /* DDCContractLabel.swift in Sources */ = {isa = PBXBuildFile; fileRef = D3FDEB9A2186B35F00856581 /* DDCContractLabel.swift */; };
		D3FDEB9D2186DB0400856581 /* DDCContractInfoViewModel.swift in Sources */ = {isa = PBXBuildFile; fileRef = D3FDEB9C2186DB0400856581 /* DDCContractInfoViewModel.swift */; };
		D3FDEB9F2186DC0500856581 /* DDCOffLineCourseModel.swift in Sources */ = {isa = PBXBuildFile; fileRef = D3FDEB9E2186DC0500856581 /* DDCOffLineCourseModel.swift */; };
		D3FDEBA12186DEDD00856581 /* DDCEditClientInfoModelFactory.swift in Sources */ = {isa = PBXBuildFile; fileRef = D3FDEBA02186DEDD00856581 /* DDCEditClientInfoModelFactory.swift */; };
/* End PBXBuildFile section */

/* Begin PBXContainerItemProxy section */
		D3F88195215F2A950091C61A /* PBXContainerItemProxy */ = {
			isa = PBXContainerItemProxy;
			containerPortal = D3F88178215F2A930091C61A /* Project object */;
			proxyType = 1;
			remoteGlobalIDString = D3F8817F215F2A930091C61A;
			remoteInfo = DDCOfflineStore;
		};
		D3F881A0215F2A950091C61A /* PBXContainerItemProxy */ = {
			isa = PBXContainerItemProxy;
			containerPortal = D3F88178215F2A930091C61A /* Project object */;
			proxyType = 1;
			remoteGlobalIDString = D3F8817F215F2A930091C61A;
			remoteInfo = DDCOfflineStore;
		};
/* End PBXContainerItemProxy section */

/* Begin PBXFileReference section */
		1FC09A823BD4694EF112EF9A /* Pods-DDCOfflineStore.release.xcconfig */ = {isa = PBXFileReference; includeInIndex = 1; lastKnownFileType = text.xcconfig; name = "Pods-DDCOfflineStore.release.xcconfig"; path = "Pods/Target Support Files/Pods-DDCOfflineStore/Pods-DDCOfflineStore.release.xcconfig"; sourceTree = "<group>"; };
		35BEBE9EF557ECB6845068E0 /* Pods_DDCOfflineStore.framework */ = {isa = PBXFileReference; explicitFileType = wrapper.framework; includeInIndex = 0; path = Pods_DDCOfflineStore.framework; sourceTree = BUILT_PRODUCTS_DIR; };
		A2B332B78859CC027A746591 /* Pods-DDCOfflineStore.debug.xcconfig */ = {isa = PBXFileReference; includeInIndex = 1; lastKnownFileType = text.xcconfig; name = "Pods-DDCOfflineStore.debug.xcconfig"; path = "Pods/Target Support Files/Pods-DDCOfflineStore/Pods-DDCOfflineStore.debug.xcconfig"; sourceTree = "<group>"; };
		D3184D1E218D64CD006AAC2D /* DDCStoreAndContractTypeAPIManager.swift */ = {isa = PBXFileReference; lastKnownFileType = sourcecode.swift; path = DDCStoreAndContractTypeAPIManager.swift; sourceTree = "<group>"; };
		D3184D2021901767006AAC2D /* DDCCheckBoxTableViewCell.swift */ = {isa = PBXFileReference; lastKnownFileType = sourcecode.swift; path = DDCCheckBoxTableViewCell.swift; sourceTree = "<group>"; };
		D3184D2321901843006AAC2D /* DDCCheckBoxWithImageView.swift */ = {isa = PBXFileReference; lastKnownFileType = sourcecode.swift; path = DDCCheckBoxWithImageView.swift; sourceTree = "<group>"; };
		D3184D2521903606006AAC2D /* DDCCheckBoxTableViewCellControl.swift */ = {isa = PBXFileReference; lastKnownFileType = sourcecode.swift; path = DDCCheckBoxTableViewCellControl.swift; sourceTree = "<group>"; };
		D3184D27219050BF006AAC2D /* DDCCheckBoxModel.swift */ = {isa = PBXFileReference; lastKnownFileType = sourcecode.swift; path = DDCCheckBoxModel.swift; sourceTree = "<group>"; };
		D3276D802188425700D04E9F /* DDCToolbar.swift */ = {isa = PBXFileReference; lastKnownFileType = sourcecode.swift; path = DDCToolbar.swift; sourceTree = "<group>"; };
		D32D2FE721786A0600CA3E42 /* DDCOffLineStoreModel.swift */ = {isa = PBXFileReference; lastKnownFileType = sourcecode.swift; path = DDCOffLineStoreModel.swift; sourceTree = "<group>"; };
		D3597CF92178518B00C4A2F2 /* DDCUserStatus.swift */ = {isa = PBXFileReference; lastKnownFileType = sourcecode.swift; path = DDCUserStatus.swift; sourceTree = "<group>"; };
		D35D24A921943CDA0067CF09 /* DDCDefaultView.swift */ = {isa = PBXFileReference; lastKnownFileType = sourcecode.swift; path = DDCDefaultView.swift; sourceTree = "<group>"; };
		D35D24AB219442CF0067CF09 /* DDCBasicViewController.swift */ = {isa = PBXFileReference; lastKnownFileType = sourcecode.swift; path = DDCBasicViewController.swift; sourceTree = "<group>"; };
		D3ABC4F9218BF86700B1B2A8 /* DDCDrawSignatureView.swift */ = {isa = PBXFileReference; lastKnownFileType = sourcecode.swift; path = DDCDrawSignatureView.swift; sourceTree = "<group>"; };
		D3ABC4FB218BFCFE00B1B2A8 /* DDCEditSignatureView.swift */ = {isa = PBXFileReference; lastKnownFileType = sourcecode.swift; path = DDCEditSignatureView.swift; sourceTree = "<group>"; };
		D3AE11012181A13100E61E08 /* DDCContractListViewController.swift */ = {isa = PBXFileReference; fileEncoding = 4; lastKnownFileType = sourcecode.swift; path = DDCContractListViewController.swift; sourceTree = "<group>"; };
		D3AE11022181A13100E61E08 /* DDCLoginRegisterViewController.swift */ = {isa = PBXFileReference; fileEncoding = 4; lastKnownFileType = sourcecode.swift; path = DDCLoginRegisterViewController.swift; sourceTree = "<group>"; };
		D3AE11032181A13100E61E08 /* DDCProgressViewController.swift */ = {isa = PBXFileReference; fileEncoding = 4; lastKnownFileType = sourcecode.swift; path = DDCProgressViewController.swift; sourceTree = "<group>"; };
		D3AE11042181A13100E61E08 /* DDCOrderingTableViewController.swift */ = {isa = PBXFileReference; fileEncoding = 4; lastKnownFileType = sourcecode.swift; path = DDCOrderingTableViewController.swift; sourceTree = "<group>"; };
		D3AE11052181A13100E61E08 /* DDCContractDetailsViewController.swift */ = {isa = PBXFileReference; fileEncoding = 4; lastKnownFileType = sourcecode.swift; path = DDCContractDetailsViewController.swift; sourceTree = "<group>"; };
		D3AE11062181A13100E61E08 /* EnviromentSwitchViewController.swift */ = {isa = PBXFileReference; fileEncoding = 4; lastKnownFileType = sourcecode.swift; path = EnviromentSwitchViewController.swift; sourceTree = "<group>"; };
		D3AE11082181A13100E61E08 /* DDCEditClientInfoViewController.swift */ = {isa = PBXFileReference; fileEncoding = 4; lastKnownFileType = sourcecode.swift; path = DDCEditClientInfoViewController.swift; sourceTree = "<group>"; };
		D3AE11092181A13100E61E08 /* DDCChildContractViewController.swift */ = {isa = PBXFileReference; fileEncoding = 4; lastKnownFileType = sourcecode.swift; path = DDCChildContractViewController.swift; sourceTree = "<group>"; };
		D3AE110A2181A13100E61E08 /* DDCSelectStoreViewController.swift */ = {isa = PBXFileReference; fileEncoding = 4; lastKnownFileType = sourcecode.swift; path = DDCSelectStoreViewController.swift; sourceTree = "<group>"; };
		D3AE110B2181A13100E61E08 /* DDCPaymentViewController.swift */ = {isa = PBXFileReference; fileEncoding = 4; lastKnownFileType = sourcecode.swift; path = DDCPaymentViewController.swift; sourceTree = "<group>"; };
		D3AE110C2181A13100E61E08 /* DDCCreateContractViewController.swift */ = {isa = PBXFileReference; fileEncoding = 4; lastKnownFileType = sourcecode.swift; path = DDCCreateContractViewController.swift; sourceTree = "<group>"; };
		D3AE110D2181A13100E61E08 /* DDCAddContractInfoViewController.swift */ = {isa = PBXFileReference; fileEncoding = 4; lastKnownFileType = sourcecode.swift; path = DDCAddContractInfoViewController.swift; sourceTree = "<group>"; };
		D3AE111C2181AB8200E61E08 /* DDCLineView.swift */ = {isa = PBXFileReference; lastKnownFileType = sourcecode.swift; path = DDCLineView.swift; sourceTree = "<group>"; };
		D3B607C2217458E80086387B /* DDCContractModel.swift */ = {isa = PBXFileReference; fileEncoding = 4; lastKnownFileType = sourcecode.swift; path = DDCContractModel.swift; sourceTree = "<group>"; };
		D3B607C421745A3A0086387B /* DDCContractTypeModel.swift */ = {isa = PBXFileReference; lastKnownFileType = sourcecode.swift; path = DDCContractTypeModel.swift; sourceTree = "<group>"; };
		D3B607C621745A440086387B /* DDCStoreModel.swift */ = {isa = PBXFileReference; lastKnownFileType = sourcecode.swift; path = DDCStoreModel.swift; sourceTree = "<group>"; };
		D3B607C821745A4D0086387B /* DDCSubContractModel.swift */ = {isa = PBXFileReference; lastKnownFileType = sourcecode.swift; path = DDCSubContractModel.swift; sourceTree = "<group>"; };
		D3B607CA21745A560086387B /* DDCContractPackageModel.swift */ = {isa = PBXFileReference; lastKnownFileType = sourcecode.swift; path = DDCContractPackageModel.swift; sourceTree = "<group>"; };
		D3B607CC21745A5F0086387B /* DDCContractPackageCategoryModel.swift */ = {isa = PBXFileReference; lastKnownFileType = sourcecode.swift; path = DDCContractPackageCategoryModel.swift; sourceTree = "<group>"; };
		D3B607CE21745A6D0086387B /* DDCCustomerModel.swift */ = {isa = PBXFileReference; lastKnownFileType = sourcecode.swift; path = DDCCustomerModel.swift; sourceTree = "<group>"; };
		D3B607DC21748AB40086387B /* DDCContractStateInfoViewModel.swift */ = {isa = PBXFileReference; lastKnownFileType = sourcecode.swift; path = DDCContractStateInfoViewModel.swift; sourceTree = "<group>"; };
		D3B607E2217499C10086387B /* DDCLoadingView.swift */ = {isa = PBXFileReference; fileEncoding = 4; lastKnownFileType = sourcecode.swift; path = DDCLoadingView.swift; sourceTree = "<group>"; };
		D3B607E4217499C10086387B /* DDCContractListTableHeaderView.swift */ = {isa = PBXFileReference; fileEncoding = 4; lastKnownFileType = sourcecode.swift; path = DDCContractListTableHeaderView.swift; sourceTree = "<group>"; };
		D3B607E9217499C10086387B /* DDCBottomBar.swift */ = {isa = PBXFileReference; fileEncoding = 4; lastKnownFileType = sourcecode.swift; path = DDCBottomBar.swift; sourceTree = "<group>"; };
		D3B607EA217499C10086387B /* DDCBarButton.swift */ = {isa = PBXFileReference; fileEncoding = 4; lastKnownFileType = sourcecode.swift; path = DDCBarButton.swift; sourceTree = "<group>"; };
		D3B607EB217499C10086387B /* DDCCountButton.swift */ = {isa = PBXFileReference; fileEncoding = 4; lastKnownFileType = sourcecode.swift; path = DDCCountButton.swift; sourceTree = "<group>"; };
		D3B607EC217499C10086387B /* DDCSubmitButton.swift */ = {isa = PBXFileReference; fileEncoding = 4; lastKnownFileType = sourcecode.swift; path = DDCSubmitButton.swift; sourceTree = "<group>"; };
		D3B607EE217499C10086387B /* DDCProgressCollectionViewLayout.swift */ = {isa = PBXFileReference; fileEncoding = 4; lastKnownFileType = sourcecode.swift; path = DDCProgressCollectionViewLayout.swift; sourceTree = "<group>"; };
		D3B607F0217499C10086387B /* DDCInputFieldView.swift */ = {isa = PBXFileReference; fileEncoding = 4; lastKnownFileType = sourcecode.swift; path = DDCInputFieldView.swift; sourceTree = "<group>"; };
		D3B607F1217499C10086387B /* DDCCircularTextFieldWithExtraButtonView.swift */ = {isa = PBXFileReference; fileEncoding = 4; lastKnownFileType = sourcecode.swift; path = DDCCircularTextFieldWithExtraButtonView.swift; sourceTree = "<group>"; };
		D3B607F2217499C10086387B /* DDCCircularTextFieldView.swift */ = {isa = PBXFileReference; fileEncoding = 4; lastKnownFileType = sourcecode.swift; path = DDCCircularTextFieldView.swift; sourceTree = "<group>"; };
		D3B607F4217499C10086387B /* DDCBarBackgroundView.swift */ = {isa = PBXFileReference; fileEncoding = 4; lastKnownFileType = sourcecode.swift; path = DDCBarBackgroundView.swift; sourceTree = "<group>"; };
		D3BBBBEF217710B600FC5E23 /* DDCContractInfoModel.swift */ = {isa = PBXFileReference; lastKnownFileType = sourcecode.swift; path = DDCContractInfoModel.swift; sourceTree = "<group>"; };
		D3BBBBF1217711E700FC5E23 /* DDCPayMethod.swift */ = {isa = PBXFileReference; lastKnownFileType = sourcecode.swift; path = DDCPayMethod.swift; sourceTree = "<group>"; };
		D3CC64CE216F2C7C00383DD5 /* Assets.xcassets */ = {isa = PBXFileReference; lastKnownFileType = folder.assetcatalog; path = Assets.xcassets; sourceTree = "<group>"; };
		D3CC64D0216F2C7C00383DD5 /* Base */ = {isa = PBXFileReference; lastKnownFileType = file.storyboard; name = Base; path = Base.lproj/LaunchScreen.storyboard; sourceTree = "<group>"; };
		D3CC64D1216F2C7C00383DD5 /* Info.plist */ = {isa = PBXFileReference; fileEncoding = 4; lastKnownFileType = text.plist.xml; path = Info.plist; sourceTree = "<group>"; };
		D3CC64D4216F2C7C00383DD5 /* DDCContractListAPIManager.swift */ = {isa = PBXFileReference; fileEncoding = 4; lastKnownFileType = sourcecode.swift; path = DDCContractListAPIManager.swift; sourceTree = "<group>"; };
		D3CC64D5216F2C7C00383DD5 /* DDCAPIManager.swift */ = {isa = PBXFileReference; fileEncoding = 4; lastKnownFileType = sourcecode.swift; path = DDCAPIManager.swift; sourceTree = "<group>"; };
		D3CC64D6216F2C7C00383DD5 /* DDCAppDelegate.swift */ = {isa = PBXFileReference; fileEncoding = 4; lastKnownFileType = sourcecode.swift; path = DDCAppDelegate.swift; sourceTree = "<group>"; };
		D3CC64D8216F2C7C00383DD5 /* UIView+DDCToast.swift */ = {isa = PBXFileReference; fileEncoding = 4; lastKnownFileType = sourcecode.swift; path = "UIView+DDCToast.swift"; sourceTree = "<group>"; };
		D3CC64D9216F2C7C00383DD5 /* DDCColor.swift */ = {isa = PBXFileReference; fileEncoding = 4; lastKnownFileType = sourcecode.swift; path = DDCColor.swift; sourceTree = "<group>"; };
		D3CC64DB216F2C7C00383DD5 /* DDCOpenUUID.swift */ = {isa = PBXFileReference; fileEncoding = 4; lastKnownFileType = sourcecode.swift; path = DDCOpenUUID.swift; sourceTree = "<group>"; };
		D3CC64DC216F2C7C00383DD5 /* DDCTools.swift */ = {isa = PBXFileReference; fileEncoding = 4; lastKnownFileType = sourcecode.swift; path = DDCTools.swift; sourceTree = "<group>"; };
		D3CC64DD216F2C7C00383DD5 /* DDCContract.swift */ = {isa = PBXFileReference; fileEncoding = 4; lastKnownFileType = sourcecode.swift; path = DDCContract.swift; sourceTree = "<group>"; };
		D3CC64DE216F2C7C00383DD5 /* DDCAppConfig.swift */ = {isa = PBXFileReference; fileEncoding = 4; lastKnownFileType = sourcecode.swift; path = DDCAppConfig.swift; sourceTree = "<group>"; };
		D3CC64DF216F2C7C00383DD5 /* DDCKeyboardStateListener.swift */ = {isa = PBXFileReference; fileEncoding = 4; lastKnownFileType = sourcecode.swift; path = DDCKeyboardStateListener.swift; sourceTree = "<group>"; };
		D3CC64E0216F2C7C00383DD5 /* DDCUserDefaults.swift */ = {isa = PBXFileReference; fileEncoding = 4; lastKnownFileType = sourcecode.swift; path = DDCUserDefaults.swift; sourceTree = "<group>"; };
		D3CC64E1216F2C7C00383DD5 /* DDCStore.swift */ = {isa = PBXFileReference; fileEncoding = 4; lastKnownFileType = sourcecode.swift; path = DDCStore.swift; sourceTree = "<group>"; };
		D3CC64E5216F2C7C00383DD5 /* DDCUserModel.swift */ = {isa = PBXFileReference; fileEncoding = 4; lastKnownFileType = sourcecode.swift; path = DDCUserModel.swift; sourceTree = "<group>"; };
		D3CC64E7216F2C7C00383DD5 /* DDCContractDetailsModel.swift */ = {isa = PBXFileReference; fileEncoding = 4; lastKnownFileType = sourcecode.swift; path = DDCContractDetailsModel.swift; sourceTree = "<group>"; };
		D3D2559A2199571B009C72B0 /* DDCContractDetailsCollectionViewCell.swift */ = {isa = PBXFileReference; lastKnownFileType = sourcecode.swift; path = DDCContractDetailsCollectionViewCell.swift; sourceTree = "<group>"; };
		D3D2559C219962B2009C72B0 /* DDCAddContractInfoModelFactory.swift */ = {isa = PBXFileReference; lastKnownFileType = sourcecode.swift; path = DDCAddContractInfoModelFactory.swift; sourceTree = "<group>"; };
		D3D2559E21996BD7009C72B0 /* DDCContractHeaderFooterView.swift */ = {isa = PBXFileReference; lastKnownFileType = sourcecode.swift; path = DDCContractHeaderFooterView.swift; sourceTree = "<group>"; };
		D3D255A021997A0C009C72B0 /* DDCSectionFooterView.swift */ = {isa = PBXFileReference; lastKnownFileType = sourcecode.swift; path = DDCSectionFooterView.swift; sourceTree = "<group>"; };
		D3D6718821806F8E0080B22B /* DDCContractDetailsHeaderView.swift */ = {isa = PBXFileReference; lastKnownFileType = sourcecode.swift; path = DDCContractDetailsHeaderView.swift; sourceTree = "<group>"; };
		D3DAA4A62175A911003B0289 /* DDCButton.swift */ = {isa = PBXFileReference; lastKnownFileType = sourcecode.swift; path = DDCButton.swift; sourceTree = "<group>"; };
		D3DAA4AA2175CC46003B0289 /* DDCSystemUserLoginAPIManager.swift */ = {isa = PBXFileReference; lastKnownFileType = sourcecode.swift; path = DDCSystemUserLoginAPIManager.swift; sourceTree = "<group>"; };
		D3DE3088217EE8D2003D5B15 /* DDCContractDetailsViewModelFactory.swift */ = {isa = PBXFileReference; lastKnownFileType = sourcecode.swift; path = DDCContractDetailsViewModelFactory.swift; sourceTree = "<group>"; };
		D3E73D242182C10700A5073A /* DDCString.swift */ = {isa = PBXFileReference; lastKnownFileType = sourcecode.swift; path = DDCString.swift; sourceTree = "<group>"; };
		D3E73D28218302C000A5073A /* DDCContractStateLineCollectionViewCell.swift */ = {isa = PBXFileReference; fileEncoding = 4; lastKnownFileType = sourcecode.swift; path = DDCContractStateLineCollectionViewCell.swift; sourceTree = "<group>"; };
		D3E73D29218302C000A5073A /* DDCContractStateInfoCell.swift */ = {isa = PBXFileReference; fileEncoding = 4; lastKnownFileType = sourcecode.swift; path = DDCContractStateInfoCell.swift; sourceTree = "<group>"; };
		D3E73D2B218302C000A5073A /* DDCContractListTableViewCell.swift */ = {isa = PBXFileReference; fileEncoding = 4; lastKnownFileType = sourcecode.swift; path = DDCContractListTableViewCell.swift; sourceTree = "<group>"; };
		D3E73D2C218302C000A5073A /* DDCContractDetailsCell.swift */ = {isa = PBXFileReference; fileEncoding = 4; lastKnownFileType = sourcecode.swift; path = DDCContractDetailsCell.swift; sourceTree = "<group>"; };
		D3E73D31218302CD00A5073A /* DDCTitleTextFieldCell.swift */ = {isa = PBXFileReference; lastKnownFileType = sourcecode.swift; path = DDCTitleTextFieldCell.swift; sourceTree = "<group>"; };
		D3E8328421797BBD00685FFB /* DDCContractDetailsAPIManager.swift */ = {isa = PBXFileReference; lastKnownFileType = sourcecode.swift; path = DDCContractDetailsAPIManager.swift; sourceTree = "<group>"; };
		D3E832862179A74200685FFB /* DDCEditClientInfoAPIManager.swift */ = {isa = PBXFileReference; lastKnownFileType = sourcecode.swift; path = DDCEditClientInfoAPIManager.swift; sourceTree = "<group>"; };
		D3E832882179A7D900685FFB /* DDCChannelModel.swift */ = {isa = PBXFileReference; lastKnownFileType = sourcecode.swift; path = DDCChannelModel.swift; sourceTree = "<group>"; };
		D3E8328A2179AFA600685FFB /* DDCStoreOptionsAPIManager.swift */ = {isa = PBXFileReference; lastKnownFileType = sourcecode.swift; path = DDCStoreOptionsAPIManager.swift; sourceTree = "<group>"; };
		D3ED086B2195525B001763E2 /* DDCRadioButtonTableViewCell.swift */ = {isa = PBXFileReference; lastKnownFileType = sourcecode.swift; path = DDCRadioButtonTableViewCell.swift; sourceTree = "<group>"; };
		D3ED086D219556D2001763E2 /* DDCSectionHeaderView.swift */ = {isa = PBXFileReference; lastKnownFileType = sourcecode.swift; path = DDCSectionHeaderView.swift; sourceTree = "<group>"; };
		D3EEAE3F217D7B8A0078737A /* DDCOrderingHeaderView.swift */ = {isa = PBXFileReference; lastKnownFileType = sourcecode.swift; path = DDCOrderingHeaderView.swift; sourceTree = "<group>"; };
		D3F88180215F2A930091C61A /* DDCOfflineStore.app */ = {isa = PBXFileReference; explicitFileType = wrapper.application; includeInIndex = 0; path = DDCOfflineStore.app; sourceTree = BUILT_PRODUCTS_DIR; };
		D3F88194215F2A950091C61A /* DDCOfflineStoreTests.xctest */ = {isa = PBXFileReference; explicitFileType = wrapper.cfbundle; includeInIndex = 0; path = DDCOfflineStoreTests.xctest; sourceTree = BUILT_PRODUCTS_DIR; };
		D3F88198215F2A950091C61A /* DDCOfflineStoreTests.swift */ = {isa = PBXFileReference; lastKnownFileType = sourcecode.swift; path = DDCOfflineStoreTests.swift; sourceTree = "<group>"; };
		D3F8819A215F2A950091C61A /* Info.plist */ = {isa = PBXFileReference; lastKnownFileType = text.plist.xml; path = Info.plist; sourceTree = "<group>"; };
		D3F8819F215F2A950091C61A /* DDCOfflineStoreUITests.xctest */ = {isa = PBXFileReference; explicitFileType = wrapper.cfbundle; includeInIndex = 0; path = DDCOfflineStoreUITests.xctest; sourceTree = BUILT_PRODUCTS_DIR; };
		D3F881A3215F2A950091C61A /* DDCOfflineStoreUITests.swift */ = {isa = PBXFileReference; lastKnownFileType = sourcecode.swift; path = DDCOfflineStoreUITests.swift; sourceTree = "<group>"; };
		D3F881A5215F2A950091C61A /* Info.plist */ = {isa = PBXFileReference; lastKnownFileType = text.plist.xml; path = Info.plist; sourceTree = "<group>"; };
		D3FDEB9A2186B35F00856581 /* DDCContractLabel.swift */ = {isa = PBXFileReference; lastKnownFileType = sourcecode.swift; path = DDCContractLabel.swift; sourceTree = "<group>"; };
		D3FDEB9C2186DB0400856581 /* DDCContractInfoViewModel.swift */ = {isa = PBXFileReference; lastKnownFileType = sourcecode.swift; path = DDCContractInfoViewModel.swift; sourceTree = "<group>"; };
		D3FDEB9E2186DC0500856581 /* DDCOffLineCourseModel.swift */ = {isa = PBXFileReference; lastKnownFileType = sourcecode.swift; path = DDCOffLineCourseModel.swift; sourceTree = "<group>"; };
		D3FDEBA02186DEDD00856581 /* DDCEditClientInfoModelFactory.swift */ = {isa = PBXFileReference; lastKnownFileType = sourcecode.swift; path = DDCEditClientInfoModelFactory.swift; sourceTree = "<group>"; };
/* End PBXFileReference section */

/* Begin PBXFrameworksBuildPhase section */
		D3F8817D215F2A930091C61A /* Frameworks */ = {
			isa = PBXFrameworksBuildPhase;
			buildActionMask = 2147483647;
			files = (
				8A92DF95E783A538E54E8F8A /* Pods_DDCOfflineStore.framework in Frameworks */,
			);
			runOnlyForDeploymentPostprocessing = 0;
		};
		D3F88191215F2A950091C61A /* Frameworks */ = {
			isa = PBXFrameworksBuildPhase;
			buildActionMask = 2147483647;
			files = (
			);
			runOnlyForDeploymentPostprocessing = 0;
		};
		D3F8819C215F2A950091C61A /* Frameworks */ = {
			isa = PBXFrameworksBuildPhase;
			buildActionMask = 2147483647;
			files = (
			);
			runOnlyForDeploymentPostprocessing = 0;
		};
/* End PBXFrameworksBuildPhase section */

/* Begin PBXGroup section */
		08AC3D412C23B4CF66A2EFA6 /* Pods */ = {
			isa = PBXGroup;
			children = (
				A2B332B78859CC027A746591 /* Pods-DDCOfflineStore.debug.xcconfig */,
				1FC09A823BD4694EF112EF9A /* Pods-DDCOfflineStore.release.xcconfig */,
			);
			name = Pods;
			sourceTree = "<group>";
		};
		2DD0787D23E561D9374E0B74 /* Frameworks */ = {
			isa = PBXGroup;
			children = (
				35BEBE9EF557ECB6845068E0 /* Pods_DDCOfflineStore.framework */,
			);
			name = Frameworks;
			sourceTree = "<group>";
		};
		D3184D2221901838006AAC2D /* CheckBox */ = {
			isa = PBXGroup;
			children = (
				D3184D2321901843006AAC2D /* DDCCheckBoxWithImageView.swift */,
			);
			path = CheckBox;
			sourceTree = "<group>";
		};
		D3ABC4F8218BF84700B1B2A8 /* SignatureView */ = {
			isa = PBXGroup;
			children = (
				D3ABC4F9218BF86700B1B2A8 /* DDCDrawSignatureView.swift */,
				D3ABC4FB218BFCFE00B1B2A8 /* DDCEditSignatureView.swift */,
			);
			name = SignatureView;
			path = DDCOfflineStore/Classes/Views/SignatureView;
			sourceTree = SOURCE_ROOT;
		};
		D3AE11002181A13100E61E08 /* ViewControllers */ = {
			isa = PBXGroup;
			children = (
				D3AE11012181A13100E61E08 /* DDCContractListViewController.swift */,
				D3AE11022181A13100E61E08 /* DDCLoginRegisterViewController.swift */,
				D3AE11042181A13100E61E08 /* DDCOrderingTableViewController.swift */,
				D3AE11052181A13100E61E08 /* DDCContractDetailsViewController.swift */,
				D3AE11062181A13100E61E08 /* EnviromentSwitchViewController.swift */,
				D3AE11072181A13100E61E08 /* CreateContract */,
				D35D24AB219442CF0067CF09 /* DDCBasicViewController.swift */,
			);
			path = ViewControllers;
			sourceTree = "<group>";
		};
		D3AE11072181A13100E61E08 /* CreateContract */ = {
			isa = PBXGroup;
			children = (
				D3AE110C2181A13100E61E08 /* DDCCreateContractViewController.swift */,
				D3AE11032181A13100E61E08 /* DDCProgressViewController.swift */,
				D3AE11092181A13100E61E08 /* DDCChildContractViewController.swift */,
				D3AE11082181A13100E61E08 /* DDCEditClientInfoViewController.swift */,
				D3AE110A2181A13100E61E08 /* DDCSelectStoreViewController.swift */,
				D3AE110D2181A13100E61E08 /* DDCAddContractInfoViewController.swift */,
				D3AE110B2181A13100E61E08 /* DDCPaymentViewController.swift */,
			);
			path = CreateContract;
			sourceTree = "<group>";
		};
		D3AE111B2181AB7100E61E08 /* line */ = {
			isa = PBXGroup;
			children = (
				D3AE111C2181AB8200E61E08 /* DDCLineView.swift */,
			);
			path = line;
			sourceTree = "<group>";
		};
		D3B607C1217458E80086387B /* ContractModel */ = {
			isa = PBXGroup;
			children = (
				D3B607C2217458E80086387B /* DDCContractModel.swift */,
				D3B607C421745A3A0086387B /* DDCContractTypeModel.swift */,
				D3B607C621745A440086387B /* DDCStoreModel.swift */,
				D3B607C821745A4D0086387B /* DDCSubContractModel.swift */,
				D3B607CC21745A5F0086387B /* DDCContractPackageCategoryModel.swift */,
				D3B607CA21745A560086387B /* DDCContractPackageModel.swift */,
				D3B607DC21748AB40086387B /* DDCContractStateInfoViewModel.swift */,
				D3BBBBEF217710B600FC5E23 /* DDCContractInfoModel.swift */,
				D32D2FE721786A0600CA3E42 /* DDCOffLineStoreModel.swift */,
				D3FDEB9E2186DC0500856581 /* DDCOffLineCourseModel.swift */,
				D3E832882179A7D900685FFB /* DDCChannelModel.swift */,
				D3FDEB9C2186DB0400856581 /* DDCContractInfoViewModel.swift */,
			);
			path = ContractModel;
			sourceTree = "<group>";
		};
		D3B607E0217499C10086387B /* Views */ = {
			isa = PBXGroup;
			children = (
				D3184D2221901838006AAC2D /* CheckBox */,
				D3FDEB992186B34100856581 /* Label */,
				D3B607E1217499C10086387B /* LoadingView */,
				D3B607E3217499C10086387B /* TableView */,
				D3E73D26218302C000A5073A /* Cells */,
				D3B607E8217499C10086387B /* Buttons */,
				D3AE111B2181AB7100E61E08 /* line */,
				D3B607ED217499C10086387B /* CollectionView */,
				D3B607EF217499C10086387B /* TextField */,
				D3ABC4F8218BF84700B1B2A8 /* SignatureView */,
				D3B607F3217499C10086387B /* BackgroundView */,
			);
			path = Views;
			sourceTree = "<group>";
		};
		D3B607E1217499C10086387B /* LoadingView */ = {
			isa = PBXGroup;
			children = (
				D3B607E2217499C10086387B /* DDCLoadingView.swift */,
			);
			path = LoadingView;
			sourceTree = "<group>";
		};
		D3B607E3217499C10086387B /* TableView */ = {
			isa = PBXGroup;
			children = (
				D3B607E4217499C10086387B /* DDCContractListTableHeaderView.swift */,
				D3EEAE3F217D7B8A0078737A /* DDCOrderingHeaderView.swift */,
				D3D6718821806F8E0080B22B /* DDCContractDetailsHeaderView.swift */,
				D3ED086D219556D2001763E2 /* DDCSectionHeaderView.swift */,
				D3D255A021997A0C009C72B0 /* DDCSectionFooterView.swift */,
			);
			path = TableView;
			sourceTree = "<group>";
		};
		D3B607E8217499C10086387B /* Buttons */ = {
			isa = PBXGroup;
			children = (
				D3B607E9217499C10086387B /* DDCBottomBar.swift */,
				D3B607EA217499C10086387B /* DDCBarButton.swift */,
				D3B607EB217499C10086387B /* DDCCountButton.swift */,
				D3B607EC217499C10086387B /* DDCSubmitButton.swift */,
				D3DAA4A62175A911003B0289 /* DDCButton.swift */,
			);
			path = Buttons;
			sourceTree = "<group>";
		};
		D3B607ED217499C10086387B /* CollectionView */ = {
			isa = PBXGroup;
			children = (
				D3B607EE217499C10086387B /* DDCProgressCollectionViewLayout.swift */,
				D3D2559E21996BD7009C72B0 /* DDCContractHeaderFooterView.swift */,
			);
			path = CollectionView;
			sourceTree = "<group>";
		};
		D3B607EF217499C10086387B /* TextField */ = {
			isa = PBXGroup;
			children = (
				D3B607F0217499C10086387B /* DDCInputFieldView.swift */,
				D3B607F1217499C10086387B /* DDCCircularTextFieldWithExtraButtonView.swift */,
				D3B607F2217499C10086387B /* DDCCircularTextFieldView.swift */,
				D3276D802188425700D04E9F /* DDCToolbar.swift */,
			);
			path = TextField;
			sourceTree = "<group>";
		};
		D3B607F3217499C10086387B /* BackgroundView */ = {
			isa = PBXGroup;
			children = (
				D3B607F4217499C10086387B /* DDCBarBackgroundView.swift */,
				D35D24A921943CDA0067CF09 /* DDCDefaultView.swift */,
			);
			path = BackgroundView;
			sourceTree = "<group>";
		};
		D3CC64CD216F2C7C00383DD5 /* Resources */ = {
			isa = PBXGroup;
			children = (
				D3CC64CE216F2C7C00383DD5 /* Assets.xcassets */,
				D3CC64CF216F2C7C00383DD5 /* LaunchScreen.storyboard */,
				D3CC64D1216F2C7C00383DD5 /* Info.plist */,
			);
			path = Resources;
			sourceTree = "<group>";
		};
		D3CC64D2216F2C7C00383DD5 /* APP */ = {
			isa = PBXGroup;
			children = (
				D3CC64D3216F2C7C00383DD5 /* APIs */,
				D3CC64D6216F2C7C00383DD5 /* DDCAppDelegate.swift */,
				D3CC64D7216F2C7C00383DD5 /* Categories */,
				D3CC64DA216F2C7C00383DD5 /* Global */,
			);
			path = APP;
			sourceTree = "<group>";
		};
		D3CC64D3216F2C7C00383DD5 /* APIs */ = {
			isa = PBXGroup;
			children = (
				D3CC64D4216F2C7C00383DD5 /* DDCContractListAPIManager.swift */,
				D3CC64D5216F2C7C00383DD5 /* DDCAPIManager.swift */,
				D3DAA4AA2175CC46003B0289 /* DDCSystemUserLoginAPIManager.swift */,
				D3E8328421797BBD00685FFB /* DDCContractDetailsAPIManager.swift */,
				D3E832862179A74200685FFB /* DDCEditClientInfoAPIManager.swift */,
				D3E8328A2179AFA600685FFB /* DDCStoreOptionsAPIManager.swift */,
				D3184D1E218D64CD006AAC2D /* DDCStoreAndContractTypeAPIManager.swift */,
			);
			path = APIs;
			sourceTree = "<group>";
		};
		D3CC64D7216F2C7C00383DD5 /* Categories */ = {
			isa = PBXGroup;
			children = (
				D3CC64D8216F2C7C00383DD5 /* UIView+DDCToast.swift */,
				D3CC64D9216F2C7C00383DD5 /* DDCColor.swift */,
				D3E73D242182C10700A5073A /* DDCString.swift */,
			);
			path = Categories;
			sourceTree = "<group>";
		};
		D3CC64DA216F2C7C00383DD5 /* Global */ = {
			isa = PBXGroup;
			children = (
				D3CC64DB216F2C7C00383DD5 /* DDCOpenUUID.swift */,
				D3CC64DC216F2C7C00383DD5 /* DDCTools.swift */,
				D3CC64DD216F2C7C00383DD5 /* DDCContract.swift */,
				D3BBBBF1217711E700FC5E23 /* DDCPayMethod.swift */,
				D3CC64DE216F2C7C00383DD5 /* DDCAppConfig.swift */,
				D3CC64DF216F2C7C00383DD5 /* DDCKeyboardStateListener.swift */,
				D3CC64E0216F2C7C00383DD5 /* DDCUserDefaults.swift */,
				D3CC64E1216F2C7C00383DD5 /* DDCStore.swift */,
				D3597CF92178518B00C4A2F2 /* DDCUserStatus.swift */,
			);
			path = Global;
			sourceTree = "<group>";
		};
		D3CC64E2216F2C7C00383DD5 /* Classes */ = {
			isa = PBXGroup;
			children = (
				D3AE11002181A13100E61E08 /* ViewControllers */,
				D3B607E0217499C10086387B /* Views */,
				D3CC64E3216F2C7C00383DD5 /* Models */,
			);
			path = Classes;
			sourceTree = "<group>";
		};
		D3CC64E3216F2C7C00383DD5 /* Models */ = {
			isa = PBXGroup;
			children = (
				D3DE3088217EE8D2003D5B15 /* DDCContractDetailsViewModelFactory.swift */,
				D3FDEBA02186DEDD00856581 /* DDCEditClientInfoModelFactory.swift */,
				D3D2559C219962B2009C72B0 /* DDCAddContractInfoModelFactory.swift */,
				D3CC64E4216F2C7C00383DD5 /* Local */,
				D3CC64E6216F2C7C00383DD5 /* Remote */,
				D3184D2521903606006AAC2D /* DDCCheckBoxTableViewCellControl.swift */,
			);
			path = Models;
			sourceTree = "<group>";
		};
		D3CC64E4216F2C7C00383DD5 /* Local */ = {
			isa = PBXGroup;
			children = (
				D3B607C1217458E80086387B /* ContractModel */,
				D3CC64E5216F2C7C00383DD5 /* DDCUserModel.swift */,
				D3B607CE21745A6D0086387B /* DDCCustomerModel.swift */,
				D3184D27219050BF006AAC2D /* DDCCheckBoxModel.swift */,
			);
			path = Local;
			sourceTree = "<group>";
		};
		D3CC64E6216F2C7C00383DD5 /* Remote */ = {
			isa = PBXGroup;
			children = (
				D3CC64E7216F2C7C00383DD5 /* DDCContractDetailsModel.swift */,
			);
			path = Remote;
			sourceTree = "<group>";
		};
		D3E73D26218302C000A5073A /* Cells */ = {
			isa = PBXGroup;
			children = (
				D3E73D27218302C000A5073A /* CollectionViewCell */,
				D3E73D2A218302C000A5073A /* TableViewCells */,
			);
			path = Cells;
			sourceTree = "<group>";
		};
		D3E73D27218302C000A5073A /* CollectionViewCell */ = {
			isa = PBXGroup;
			children = (
				D3E73D31218302CD00A5073A /* DDCTitleTextFieldCell.swift */,
				D3E73D28218302C000A5073A /* DDCContractStateLineCollectionViewCell.swift */,
				D3E73D29218302C000A5073A /* DDCContractStateInfoCell.swift */,
				D3184D2021901767006AAC2D /* DDCCheckBoxTableViewCell.swift */,
				D3D2559A2199571B009C72B0 /* DDCContractDetailsCollectionViewCell.swift */,
			);
			path = CollectionViewCell;
			sourceTree = "<group>";
		};
		D3E73D2A218302C000A5073A /* TableViewCells */ = {
			isa = PBXGroup;
			children = (
				D3E73D2B218302C000A5073A /* DDCContractListTableViewCell.swift */,
				D3E73D2C218302C000A5073A /* DDCContractDetailsCell.swift */,
				D3ED086B2195525B001763E2 /* DDCRadioButtonTableViewCell.swift */,
			);
			path = TableViewCells;
			sourceTree = "<group>";
		};
		D3F88177215F2A930091C61A = {
			isa = PBXGroup;
			children = (
				D3F881B3215F2D800091C61A /* DDCOfflineStore */,
				D3F881A2215F2A950091C61A /* DDCOfflineStoreUITests */,
				D3F88181215F2A930091C61A /* Products */,
				08AC3D412C23B4CF66A2EFA6 /* Pods */,
				2DD0787D23E561D9374E0B74 /* Frameworks */,
			);
			sourceTree = "<group>";
		};
		D3F88181215F2A930091C61A /* Products */ = {
			isa = PBXGroup;
			children = (
				D3F88180215F2A930091C61A /* DDCOfflineStore.app */,
				D3F88194215F2A950091C61A /* DDCOfflineStoreTests.xctest */,
				D3F8819F215F2A950091C61A /* DDCOfflineStoreUITests.xctest */,
			);
			name = Products;
			sourceTree = "<group>";
		};
		D3F88197215F2A950091C61A /* DDCOfflineStoreTests */ = {
			isa = PBXGroup;
			children = (
				D3F88198215F2A950091C61A /* DDCOfflineStoreTests.swift */,
				D3F8819A215F2A950091C61A /* Info.plist */,
			);
			path = DDCOfflineStoreTests;
			sourceTree = "<group>";
		};
		D3F881A2215F2A950091C61A /* DDCOfflineStoreUITests */ = {
			isa = PBXGroup;
			children = (
				D3F88197215F2A950091C61A /* DDCOfflineStoreTests */,
				D3F881A3215F2A950091C61A /* DDCOfflineStoreUITests.swift */,
				D3F881A5215F2A950091C61A /* Info.plist */,
			);
			path = DDCOfflineStoreUITests;
			sourceTree = "<group>";
		};
		D3F881B3215F2D800091C61A /* DDCOfflineStore */ = {
			isa = PBXGroup;
			children = (
				D3CC64D2216F2C7C00383DD5 /* APP */,
				D3CC64E2216F2C7C00383DD5 /* Classes */,
				D3CC64CD216F2C7C00383DD5 /* Resources */,
			);
			path = DDCOfflineStore;
			sourceTree = "<group>";
		};
		D3FDEB992186B34100856581 /* Label */ = {
			isa = PBXGroup;
			children = (
				D3FDEB9A2186B35F00856581 /* DDCContractLabel.swift */,
			);
			path = Label;
			sourceTree = "<group>";
		};
/* End PBXGroup section */

/* Begin PBXNativeTarget section */
		D3F8817F215F2A930091C61A /* DDCOfflineStore */ = {
			isa = PBXNativeTarget;
			buildConfigurationList = D3F881A8215F2A950091C61A /* Build configuration list for PBXNativeTarget "DDCOfflineStore" */;
			buildPhases = (
				6ED08CE067A0115CCAAB1200 /* [CP] Check Pods Manifest.lock */,
				D3F8817C215F2A930091C61A /* Sources */,
				D3F8817D215F2A930091C61A /* Frameworks */,
				D3F8817E215F2A930091C61A /* Resources */,
				8B3D7E11A79F150BA838949F /* [CP] Embed Pods Frameworks */,
				D3AE10F82181721300E61E08 /* Run Script */,
			);
			buildRules = (
			);
			dependencies = (
			);
			name = DDCOfflineStore;
			productName = DDCOfflineStore;
			productReference = D3F88180215F2A930091C61A /* DDCOfflineStore.app */;
			productType = "com.apple.product-type.application";
		};
		D3F88193215F2A950091C61A /* DDCOfflineStoreTests */ = {
			isa = PBXNativeTarget;
			buildConfigurationList = D3F881AB215F2A950091C61A /* Build configuration list for PBXNativeTarget "DDCOfflineStoreTests" */;
			buildPhases = (
				D3F88190215F2A950091C61A /* Sources */,
				D3F88191215F2A950091C61A /* Frameworks */,
				D3F88192215F2A950091C61A /* Resources */,
			);
			buildRules = (
			);
			dependencies = (
				D3F88196215F2A950091C61A /* PBXTargetDependency */,
			);
			name = DDCOfflineStoreTests;
			productName = DDCOfflineStoreTests;
			productReference = D3F88194215F2A950091C61A /* DDCOfflineStoreTests.xctest */;
			productType = "com.apple.product-type.bundle.unit-test";
		};
		D3F8819E215F2A950091C61A /* DDCOfflineStoreUITests */ = {
			isa = PBXNativeTarget;
			buildConfigurationList = D3F881AE215F2A950091C61A /* Build configuration list for PBXNativeTarget "DDCOfflineStoreUITests" */;
			buildPhases = (
				D3F8819B215F2A950091C61A /* Sources */,
				D3F8819C215F2A950091C61A /* Frameworks */,
				D3F8819D215F2A950091C61A /* Resources */,
			);
			buildRules = (
			);
			dependencies = (
				D3F881A1215F2A950091C61A /* PBXTargetDependency */,
			);
			name = DDCOfflineStoreUITests;
			productName = DDCOfflineStoreUITests;
			productReference = D3F8819F215F2A950091C61A /* DDCOfflineStoreUITests.xctest */;
			productType = "com.apple.product-type.bundle.ui-testing";
		};
/* End PBXNativeTarget section */

/* Begin PBXProject section */
		D3F88178215F2A930091C61A /* Project object */ = {
			isa = PBXProject;
			attributes = {
				LastSwiftUpdateCheck = 1000;
				LastUpgradeCheck = 1000;
				ORGANIZATIONNAME = DayDayCook;
				TargetAttributes = {
					D3F8817F215F2A930091C61A = {
						CreatedOnToolsVersion = 10.0;
					};
					D3F88193215F2A950091C61A = {
						CreatedOnToolsVersion = 10.0;
						TestTargetID = D3F8817F215F2A930091C61A;
					};
					D3F8819E215F2A950091C61A = {
						CreatedOnToolsVersion = 10.0;
						TestTargetID = D3F8817F215F2A930091C61A;
					};
				};
			};
			buildConfigurationList = D3F8817B215F2A930091C61A /* Build configuration list for PBXProject "DDCOfflineStore" */;
			compatibilityVersion = "Xcode 9.3";
			developmentRegion = en;
			hasScannedForEncodings = 0;
			knownRegions = (
				en,
				Base,
			);
			mainGroup = D3F88177215F2A930091C61A;
			productRefGroup = D3F88181215F2A930091C61A /* Products */;
			projectDirPath = "";
			projectRoot = "";
			targets = (
				D3F8817F215F2A930091C61A /* DDCOfflineStore */,
				D3F88193215F2A950091C61A /* DDCOfflineStoreTests */,
				D3F8819E215F2A950091C61A /* DDCOfflineStoreUITests */,
			);
		};
/* End PBXProject section */

/* Begin PBXResourcesBuildPhase section */
		D3F8817E215F2A930091C61A /* Resources */ = {
			isa = PBXResourcesBuildPhase;
			buildActionMask = 2147483647;
			files = (
				D3CC64FA216F2C7C00383DD5 /* Assets.xcassets in Resources */,
				D3CC64FB216F2C7C00383DD5 /* LaunchScreen.storyboard in Resources */,
			);
			runOnlyForDeploymentPostprocessing = 0;
		};
		D3F88192215F2A950091C61A /* Resources */ = {
			isa = PBXResourcesBuildPhase;
			buildActionMask = 2147483647;
			files = (
			);
			runOnlyForDeploymentPostprocessing = 0;
		};
		D3F8819D215F2A950091C61A /* Resources */ = {
			isa = PBXResourcesBuildPhase;
			buildActionMask = 2147483647;
			files = (
			);
			runOnlyForDeploymentPostprocessing = 0;
		};
/* End PBXResourcesBuildPhase section */

/* Begin PBXShellScriptBuildPhase section */
		6ED08CE067A0115CCAAB1200 /* [CP] Check Pods Manifest.lock */ = {
			isa = PBXShellScriptBuildPhase;
			buildActionMask = 2147483647;
			files = (
			);
			inputFileListPaths = (
			);
			inputPaths = (
				"${PODS_PODFILE_DIR_PATH}/Podfile.lock",
				"${PODS_ROOT}/Manifest.lock",
			);
			name = "[CP] Check Pods Manifest.lock";
			outputFileListPaths = (
			);
			outputPaths = (
				"$(DERIVED_FILE_DIR)/Pods-DDCOfflineStore-checkManifestLockResult.txt",
			);
			runOnlyForDeploymentPostprocessing = 0;
			shellPath = /bin/sh;
			shellScript = "diff \"${PODS_PODFILE_DIR_PATH}/Podfile.lock\" \"${PODS_ROOT}/Manifest.lock\" > /dev/null\nif [ $? != 0 ] ; then\n    # print error to STDERR\n    echo \"error: The sandbox is not in sync with the Podfile.lock. Run 'pod install' or update your CocoaPods installation.\" >&2\n    exit 1\nfi\n# This output is used by Xcode 'outputs' to avoid re-running this script phase.\necho \"SUCCESS\" > \"${SCRIPT_OUTPUT_FILE_0}\"\n";
			showEnvVarsInLog = 0;
		};
		8B3D7E11A79F150BA838949F /* [CP] Embed Pods Frameworks */ = {
			isa = PBXShellScriptBuildPhase;
			buildActionMask = 2147483647;
			files = (
			);
			inputFileListPaths = (
			);
			inputPaths = (
				"${SRCROOT}/Pods/Target Support Files/Pods-DDCOfflineStore/Pods-DDCOfflineStore-frameworks.sh",
				"${BUILT_PRODUCTS_DIR}/Alamofire/Alamofire.framework",
				"${BUILT_PRODUCTS_DIR}/Kingfisher/Kingfisher.framework",
				"${BUILT_PRODUCTS_DIR}/MJRefresh/MJRefresh.framework",
				"${BUILT_PRODUCTS_DIR}/ObjectMapper/ObjectMapper.framework",
				"${BUILT_PRODUCTS_DIR}/SnapKit/SnapKit.framework",
			);
			name = "[CP] Embed Pods Frameworks";
			outputFileListPaths = (
			);
			outputPaths = (
				"${TARGET_BUILD_DIR}/${FRAMEWORKS_FOLDER_PATH}/Alamofire.framework",
				"${TARGET_BUILD_DIR}/${FRAMEWORKS_FOLDER_PATH}/Kingfisher.framework",
				"${TARGET_BUILD_DIR}/${FRAMEWORKS_FOLDER_PATH}/MJRefresh.framework",
				"${TARGET_BUILD_DIR}/${FRAMEWORKS_FOLDER_PATH}/ObjectMapper.framework",
				"${TARGET_BUILD_DIR}/${FRAMEWORKS_FOLDER_PATH}/SnapKit.framework",
			);
			runOnlyForDeploymentPostprocessing = 0;
			shellPath = /bin/sh;
			shellScript = "\"${SRCROOT}/Pods/Target Support Files/Pods-DDCOfflineStore/Pods-DDCOfflineStore-frameworks.sh\"\n";
			showEnvVarsInLog = 0;
		};
		D3AE10F82181721300E61E08 /* Run Script */ = {
			isa = PBXShellScriptBuildPhase;
			buildActionMask = 12;
			files = (
			);
			inputPaths = (
				"${TARGET_BUILD_DIR}/${INFOPLIST_PATH}",
			);
			name = "Run Script";
			outputPaths = (
			);
			runOnlyForDeploymentPostprocessing = 0;
			shellPath = /bin/sh;
			shellScript = "# Type a script or drag a script file from your workspace to insert its path.\ngit=`sh /etc/profile; which git`\nappBuild=`\"$git\" rev-parse --short HEAD`\n/usr/libexec/PlistBuddy -c \"Set :CFBundleVersion $appBuild\" \"${TARGET_BUILD_DIR}/${INFOPLIST_PATH}\"\necho \"build version number $appBuild!\"\n";
			showEnvVarsInLog = 0;
		};
/* End PBXShellScriptBuildPhase section */

/* Begin PBXSourcesBuildPhase section */
		D3F8817C215F2A930091C61A /* Sources */ = {
			isa = PBXSourcesBuildPhase;
			buildActionMask = 2147483647;
			files = (
				D3B607C921745A4D0086387B /* DDCSubContractModel.swift in Sources */,
				D3CC6503216F2C7C00383DD5 /* DDCTools.swift in Sources */,
				D3FDEB9B2186B35F00856581 /* DDCContractLabel.swift in Sources */,
				D3ABC4FA218BF86800B1B2A8 /* DDCDrawSignatureView.swift in Sources */,
				D3AE11122181A13100E61E08 /* DDCContractDetailsViewController.swift in Sources */,
				D3EEAE40217D7B8A0078737A /* DDCOrderingHeaderView.swift in Sources */,
				D3AE110F2181A13100E61E08 /* DDCLoginRegisterViewController.swift in Sources */,
				D3ED086E219556D2001763E2 /* DDCSectionHeaderView.swift in Sources */,
				D3CC6509216F2C7C00383DD5 /* DDCUserModel.swift in Sources */,
				D35D24AA21943CDA0067CF09 /* DDCDefaultView.swift in Sources */,
				D3184D2121901767006AAC2D /* DDCCheckBoxTableViewCell.swift in Sources */,
				D3AE11102181A13100E61E08 /* DDCProgressViewController.swift in Sources */,
				D3E73D2F218302C100A5073A /* DDCContractListTableViewCell.swift in Sources */,
				D3CC6508216F2C7C00383DD5 /* DDCStore.swift in Sources */,
				D3CC64FE216F2C7C00383DD5 /* DDCAPIManager.swift in Sources */,
				D3CC64FD216F2C7C00383DD5 /* DDCContractListAPIManager.swift in Sources */,
				D3D2559D219962B2009C72B0 /* DDCAddContractInfoModelFactory.swift in Sources */,
				D3AE11182181A13100E61E08 /* DDCCreateContractViewController.swift in Sources */,
				D3D2559B2199571B009C72B0 /* DDCContractDetailsCollectionViewCell.swift in Sources */,
				D3B607C3217458E80086387B /* DDCContractModel.swift in Sources */,
				D3B607F9217499C20086387B /* DDCBottomBar.swift in Sources */,
				D3CC6500216F2C7C00383DD5 /* UIView+DDCToast.swift in Sources */,
				D32D2FE821786A0600CA3E42 /* DDCOffLineStoreModel.swift in Sources */,
				D3CC650A216F2C7C00383DD5 /* DDCContractDetailsModel.swift in Sources */,
				D3AE11132181A13100E61E08 /* EnviromentSwitchViewController.swift in Sources */,
				D3D255A121997A0C009C72B0 /* DDCSectionFooterView.swift in Sources */,
				D3BBBBF0217710B600FC5E23 /* DDCContractInfoModel.swift in Sources */,
				D3E73D2D218302C100A5073A /* DDCContractStateLineCollectionViewCell.swift in Sources */,
				D3B607F5217499C20086387B /* DDCLoadingView.swift in Sources */,
				D3B607FD217499C20086387B /* DDCProgressCollectionViewLayout.swift in Sources */,
				D3B607C521745A3A0086387B /* DDCContractTypeModel.swift in Sources */,
				D3184D28219050BF006AAC2D /* DDCCheckBoxModel.swift in Sources */,
				D3AE11162181A13100E61E08 /* DDCSelectStoreViewController.swift in Sources */,
				D3E73D30218302C100A5073A /* DDCContractDetailsCell.swift in Sources */,
				D3D6718921806F8E0080B22B /* DDCContractDetailsHeaderView.swift in Sources */,
				D3E8328B2179AFA600685FFB /* DDCStoreOptionsAPIManager.swift in Sources */,
				D3B607CB21745A560086387B /* DDCContractPackageModel.swift in Sources */,
				D3E73D32218302CD00A5073A /* DDCTitleTextFieldCell.swift in Sources */,
				D3B60800217499C20086387B /* DDCCircularTextFieldView.swift in Sources */,
				D3B607DD21748AB40086387B /* DDCContractStateInfoViewModel.swift in Sources */,
				D3B607FA217499C20086387B /* DDCBarButton.swift in Sources */,
				D3DAA4AB2175CC46003B0289 /* DDCSystemUserLoginAPIManager.swift in Sources */,
				D3AE110E2181A13100E61E08 /* DDCContractListViewController.swift in Sources */,
				D3B607CD21745A5F0086387B /* DDCContractPackageCategoryModel.swift in Sources */,
				D3FDEB9D2186DB0400856581 /* DDCContractInfoViewModel.swift in Sources */,
				D3D2559F21996BD7009C72B0 /* DDCContractHeaderFooterView.swift in Sources */,
				D3B607C721745A440086387B /* DDCStoreModel.swift in Sources */,
				D3AE111D2181AB8200E61E08 /* DDCLineView.swift in Sources */,
				D3E832872179A74200685FFB /* DDCEditClientInfoAPIManager.swift in Sources */,
				D3CC6501216F2C7C00383DD5 /* DDCColor.swift in Sources */,
				D3CC6505216F2C7C00383DD5 /* DDCAppConfig.swift in Sources */,
				D3AE11172181A13100E61E08 /* DDCPaymentViewController.swift in Sources */,
				D3ED086C2195525B001763E2 /* DDCRadioButtonTableViewCell.swift in Sources */,
				D3E8328521797BBD00685FFB /* DDCContractDetailsAPIManager.swift in Sources */,
				D3E832892179A7D900685FFB /* DDCChannelModel.swift in Sources */,
				D3CC6507216F2C7C00383DD5 /* DDCUserDefaults.swift in Sources */,
				D3AE11192181A13100E61E08 /* DDCAddContractInfoViewController.swift in Sources */,
				D35D24AC219442CF0067CF09 /* DDCBasicViewController.swift in Sources */,
				D3E73D252182C10700A5073A /* DDCString.swift in Sources */,
				D3B607FC217499C20086387B /* DDCSubmitButton.swift in Sources */,
				D3B60801217499C20086387B /* DDCBarBackgroundView.swift in Sources */,
				D3CC6502216F2C7C00383DD5 /* DDCOpenUUID.swift in Sources */,
				D3184D1F218D64CD006AAC2D /* DDCStoreAndContractTypeAPIManager.swift in Sources */,
				D3597CFA2178518B00C4A2F2 /* DDCUserStatus.swift in Sources */,
				D3BBBBF2217711E700FC5E23 /* DDCPayMethod.swift in Sources */,
				D3CC64FF216F2C7C00383DD5 /* DDCAppDelegate.swift in Sources */,
				D3AE11112181A13100E61E08 /* DDCOrderingTableViewController.swift in Sources */,
				D3E73D2E218302C100A5073A /* DDCContractStateInfoCell.swift in Sources */,
				D3AE11142181A13100E61E08 /* DDCEditClientInfoViewController.swift in Sources */,
				D3CC6506216F2C7C00383DD5 /* DDCKeyboardStateListener.swift in Sources */,
				D3FDEB9F2186DC0500856581 /* DDCOffLineCourseModel.swift in Sources */,
				D3184D2621903606006AAC2D /* DDCCheckBoxTableViewCellControl.swift in Sources */,
				D3CC6504216F2C7C00383DD5 /* DDCContract.swift in Sources */,
				D3DAA4A72175A911003B0289 /* DDCButton.swift in Sources */,
				D3B607FE217499C20086387B /* DDCInputFieldView.swift in Sources */,
				D3B607CF21745A6D0086387B /* DDCCustomerModel.swift in Sources */,
				D3B607FB217499C20086387B /* DDCCountButton.swift in Sources */,
				D3B607F6217499C20086387B /* DDCContractListTableHeaderView.swift in Sources */,
				D3AE11152181A13100E61E08 /* DDCChildContractViewController.swift in Sources */,
				D3ABC4FC218BFCFE00B1B2A8 /* DDCEditSignatureView.swift in Sources */,
				D3FDEBA12186DEDD00856581 /* DDCEditClientInfoModelFactory.swift in Sources */,
				D3184D2421901843006AAC2D /* DDCCheckBoxWithImageView.swift in Sources */,
				D3B607FF217499C20086387B /* DDCCircularTextFieldWithExtraButtonView.swift in Sources */,
				D3DE3089217EE8D2003D5B15 /* DDCContractDetailsViewModelFactory.swift in Sources */,
				D3276D812188425700D04E9F /* DDCToolbar.swift in Sources */,
			);
			runOnlyForDeploymentPostprocessing = 0;
		};
		D3F88190215F2A950091C61A /* Sources */ = {
			isa = PBXSourcesBuildPhase;
			buildActionMask = 2147483647;
			files = (
				D3F88199215F2A950091C61A /* DDCOfflineStoreTests.swift in Sources */,
			);
			runOnlyForDeploymentPostprocessing = 0;
		};
		D3F8819B215F2A950091C61A /* Sources */ = {
			isa = PBXSourcesBuildPhase;
			buildActionMask = 2147483647;
			files = (
				D3F881A4215F2A950091C61A /* DDCOfflineStoreUITests.swift in Sources */,
			);
			runOnlyForDeploymentPostprocessing = 0;
		};
/* End PBXSourcesBuildPhase section */

/* Begin PBXTargetDependency section */
		D3F88196215F2A950091C61A /* PBXTargetDependency */ = {
			isa = PBXTargetDependency;
			target = D3F8817F215F2A930091C61A /* DDCOfflineStore */;
			targetProxy = D3F88195215F2A950091C61A /* PBXContainerItemProxy */;
		};
		D3F881A1215F2A950091C61A /* PBXTargetDependency */ = {
			isa = PBXTargetDependency;
			target = D3F8817F215F2A930091C61A /* DDCOfflineStore */;
			targetProxy = D3F881A0215F2A950091C61A /* PBXContainerItemProxy */;
		};
/* End PBXTargetDependency section */

/* Begin PBXVariantGroup section */
		D3CC64CF216F2C7C00383DD5 /* LaunchScreen.storyboard */ = {
			isa = PBXVariantGroup;
			children = (
				D3CC64D0216F2C7C00383DD5 /* Base */,
			);
			name = LaunchScreen.storyboard;
			sourceTree = "<group>";
		};
/* End PBXVariantGroup section */

/* Begin XCBuildConfiguration section */
		D3F881A6215F2A950091C61A /* Debug */ = {
			isa = XCBuildConfiguration;
			buildSettings = {
				ALWAYS_SEARCH_USER_PATHS = NO;
				CLANG_ANALYZER_NONNULL = YES;
				CLANG_ANALYZER_NUMBER_OBJECT_CONVERSION = YES_AGGRESSIVE;
				CLANG_CXX_LANGUAGE_STANDARD = "gnu++14";
				CLANG_CXX_LIBRARY = "libc++";
				CLANG_ENABLE_MODULES = YES;
				CLANG_ENABLE_OBJC_ARC = YES;
				CLANG_ENABLE_OBJC_WEAK = YES;
				CLANG_WARN_BLOCK_CAPTURE_AUTORELEASING = YES;
				CLANG_WARN_BOOL_CONVERSION = YES;
				CLANG_WARN_COMMA = YES;
				CLANG_WARN_CONSTANT_CONVERSION = YES;
				CLANG_WARN_DEPRECATED_OBJC_IMPLEMENTATIONS = YES;
				CLANG_WARN_DIRECT_OBJC_ISA_USAGE = YES_ERROR;
				CLANG_WARN_DOCUMENTATION_COMMENTS = YES;
				CLANG_WARN_EMPTY_BODY = YES;
				CLANG_WARN_ENUM_CONVERSION = YES;
				CLANG_WARN_INFINITE_RECURSION = YES;
				CLANG_WARN_INT_CONVERSION = YES;
				CLANG_WARN_NON_LITERAL_NULL_CONVERSION = YES;
				CLANG_WARN_OBJC_IMPLICIT_RETAIN_SELF = YES;
				CLANG_WARN_OBJC_LITERAL_CONVERSION = YES;
				CLANG_WARN_OBJC_ROOT_CLASS = YES_ERROR;
				CLANG_WARN_RANGE_LOOP_ANALYSIS = YES;
				CLANG_WARN_STRICT_PROTOTYPES = YES;
				CLANG_WARN_SUSPICIOUS_MOVE = YES;
				CLANG_WARN_UNGUARDED_AVAILABILITY = YES_AGGRESSIVE;
				CLANG_WARN_UNREACHABLE_CODE = YES;
				CLANG_WARN__DUPLICATE_METHOD_MATCH = YES;
				CODE_SIGN_IDENTITY = "iPhone Developer";
				COPY_PHASE_STRIP = NO;
				DEBUG_INFORMATION_FORMAT = dwarf;
				ENABLE_STRICT_OBJC_MSGSEND = YES;
				ENABLE_TESTABILITY = YES;
				GCC_C_LANGUAGE_STANDARD = gnu11;
				GCC_DYNAMIC_NO_PIC = NO;
				GCC_NO_COMMON_BLOCKS = YES;
				GCC_OPTIMIZATION_LEVEL = 0;
				GCC_PREPROCESSOR_DEFINITIONS = (
					"DEBUG=1",
					"$(inherited)",
				);
				GCC_WARN_64_TO_32_BIT_CONVERSION = YES;
				GCC_WARN_ABOUT_RETURN_TYPE = YES_ERROR;
				GCC_WARN_UNDECLARED_SELECTOR = YES;
				GCC_WARN_UNINITIALIZED_AUTOS = YES_AGGRESSIVE;
				GCC_WARN_UNUSED_FUNCTION = YES;
				GCC_WARN_UNUSED_VARIABLE = YES;
				IPHONEOS_DEPLOYMENT_TARGET = 12.0;
				MTL_ENABLE_DEBUG_INFO = INCLUDE_SOURCE;
				MTL_FAST_MATH = YES;
				ONLY_ACTIVE_ARCH = YES;
				SDKROOT = iphoneos;
				SWIFT_ACTIVE_COMPILATION_CONDITIONS = DEBUG;
				SWIFT_OPTIMIZATION_LEVEL = "-Onone";
			};
			name = Debug;
		};
		D3F881A7215F2A950091C61A /* Release */ = {
			isa = XCBuildConfiguration;
			buildSettings = {
				ALWAYS_SEARCH_USER_PATHS = NO;
				CLANG_ANALYZER_NONNULL = YES;
				CLANG_ANALYZER_NUMBER_OBJECT_CONVERSION = YES_AGGRESSIVE;
				CLANG_CXX_LANGUAGE_STANDARD = "gnu++14";
				CLANG_CXX_LIBRARY = "libc++";
				CLANG_ENABLE_MODULES = YES;
				CLANG_ENABLE_OBJC_ARC = YES;
				CLANG_ENABLE_OBJC_WEAK = YES;
				CLANG_WARN_BLOCK_CAPTURE_AUTORELEASING = YES;
				CLANG_WARN_BOOL_CONVERSION = YES;
				CLANG_WARN_COMMA = YES;
				CLANG_WARN_CONSTANT_CONVERSION = YES;
				CLANG_WARN_DEPRECATED_OBJC_IMPLEMENTATIONS = YES;
				CLANG_WARN_DIRECT_OBJC_ISA_USAGE = YES_ERROR;
				CLANG_WARN_DOCUMENTATION_COMMENTS = YES;
				CLANG_WARN_EMPTY_BODY = YES;
				CLANG_WARN_ENUM_CONVERSION = YES;
				CLANG_WARN_INFINITE_RECURSION = YES;
				CLANG_WARN_INT_CONVERSION = YES;
				CLANG_WARN_NON_LITERAL_NULL_CONVERSION = YES;
				CLANG_WARN_OBJC_IMPLICIT_RETAIN_SELF = YES;
				CLANG_WARN_OBJC_LITERAL_CONVERSION = YES;
				CLANG_WARN_OBJC_ROOT_CLASS = YES_ERROR;
				CLANG_WARN_RANGE_LOOP_ANALYSIS = YES;
				CLANG_WARN_STRICT_PROTOTYPES = YES;
				CLANG_WARN_SUSPICIOUS_MOVE = YES;
				CLANG_WARN_UNGUARDED_AVAILABILITY = YES_AGGRESSIVE;
				CLANG_WARN_UNREACHABLE_CODE = YES;
				CLANG_WARN__DUPLICATE_METHOD_MATCH = YES;
				CODE_SIGN_IDENTITY = "iPhone Developer";
				COPY_PHASE_STRIP = NO;
				DEBUG_INFORMATION_FORMAT = "dwarf-with-dsym";
				ENABLE_NS_ASSERTIONS = NO;
				ENABLE_STRICT_OBJC_MSGSEND = YES;
				GCC_C_LANGUAGE_STANDARD = gnu11;
				GCC_NO_COMMON_BLOCKS = YES;
				GCC_WARN_64_TO_32_BIT_CONVERSION = YES;
				GCC_WARN_ABOUT_RETURN_TYPE = YES_ERROR;
				GCC_WARN_UNDECLARED_SELECTOR = YES;
				GCC_WARN_UNINITIALIZED_AUTOS = YES_AGGRESSIVE;
				GCC_WARN_UNUSED_FUNCTION = YES;
				GCC_WARN_UNUSED_VARIABLE = YES;
				IPHONEOS_DEPLOYMENT_TARGET = 12.0;
				MTL_ENABLE_DEBUG_INFO = NO;
				MTL_FAST_MATH = YES;
				SDKROOT = iphoneos;
				SWIFT_COMPILATION_MODE = wholemodule;
				SWIFT_OPTIMIZATION_LEVEL = "-O";
				VALIDATE_PRODUCT = YES;
			};
			name = Release;
		};
		D3F881A9215F2A950091C61A /* Debug */ = {
			isa = XCBuildConfiguration;
			baseConfigurationReference = A2B332B78859CC027A746591 /* Pods-DDCOfflineStore.debug.xcconfig */;
			buildSettings = {
				ASSETCATALOG_COMPILER_APPICON_NAME = AppIcon;
				CODE_SIGN_STYLE = Automatic;
				DEVELOPMENT_TEAM = AU4M6EJ8LK;
				INFOPLIST_FILE = "$(SRCROOT)/DDCOfflineStore/Resources/Info.plist";
				IPHONEOS_DEPLOYMENT_TARGET = 9.0;
				LD_RUNPATH_SEARCH_PATHS = (
					"$(inherited)",
					"@executable_path/Frameworks",
				);
				PRODUCT_BUNDLE_IDENTIFIER = com.daydaycook.store.DDCOfflineStore;
				PRODUCT_NAME = "$(TARGET_NAME)";
				SWIFT_VERSION = 4.2;
				TARGETED_DEVICE_FAMILY = 2;
			};
			name = Debug;
		};
		D3F881AA215F2A950091C61A /* Release */ = {
			isa = XCBuildConfiguration;
			baseConfigurationReference = 1FC09A823BD4694EF112EF9A /* Pods-DDCOfflineStore.release.xcconfig */;
			buildSettings = {
				ASSETCATALOG_COMPILER_APPICON_NAME = AppIcon;
				CODE_SIGN_STYLE = Automatic;
				DEVELOPMENT_TEAM = AU4M6EJ8LK;
				INFOPLIST_FILE = "$(SRCROOT)/DDCOfflineStore/Resources/Info.plist";
				IPHONEOS_DEPLOYMENT_TARGET = 9.0;
				LD_RUNPATH_SEARCH_PATHS = (
					"$(inherited)",
					"@executable_path/Frameworks",
				);
				PRODUCT_BUNDLE_IDENTIFIER = com.daydaycook.store.DDCOfflineStore;
				PRODUCT_NAME = "$(TARGET_NAME)";
				SWIFT_VERSION = 4.2;
				TARGETED_DEVICE_FAMILY = 2;
			};
			name = Release;
		};
		D3F881AC215F2A950091C61A /* Debug */ = {
			isa = XCBuildConfiguration;
			buildSettings = {
				ALWAYS_EMBED_SWIFT_STANDARD_LIBRARIES = YES;
				BUNDLE_LOADER = "$(TEST_HOST)";
				CODE_SIGN_STYLE = Automatic;
				DEVELOPMENT_TEAM = AU4M6EJ8LK;
				INFOPLIST_FILE = DDCOfflineStoreTests/Info.plist;
				LD_RUNPATH_SEARCH_PATHS = (
					"$(inherited)",
					"@executable_path/Frameworks",
					"@loader_path/Frameworks",
				);
				PRODUCT_BUNDLE_IDENTIFIER = com.daydaycook.store.DDCOfflineStoreTests;
				PRODUCT_NAME = "$(TARGET_NAME)";
				SWIFT_VERSION = 4.2;
				TARGETED_DEVICE_FAMILY = "1,2";
				TEST_HOST = "$(BUILT_PRODUCTS_DIR)/DDCOfflineStore.app/DDCOfflineStore";
			};
			name = Debug;
		};
		D3F881AD215F2A950091C61A /* Release */ = {
			isa = XCBuildConfiguration;
			buildSettings = {
				ALWAYS_EMBED_SWIFT_STANDARD_LIBRARIES = YES;
				BUNDLE_LOADER = "$(TEST_HOST)";
				CODE_SIGN_STYLE = Automatic;
				DEVELOPMENT_TEAM = AU4M6EJ8LK;
				INFOPLIST_FILE = DDCOfflineStoreTests/Info.plist;
				LD_RUNPATH_SEARCH_PATHS = (
					"$(inherited)",
					"@executable_path/Frameworks",
					"@loader_path/Frameworks",
				);
				PRODUCT_BUNDLE_IDENTIFIER = com.daydaycook.store.DDCOfflineStoreTests;
				PRODUCT_NAME = "$(TARGET_NAME)";
				SWIFT_VERSION = 4.2;
				TARGETED_DEVICE_FAMILY = "1,2";
				TEST_HOST = "$(BUILT_PRODUCTS_DIR)/DDCOfflineStore.app/DDCOfflineStore";
			};
			name = Release;
		};
		D3F881AF215F2A950091C61A /* Debug */ = {
			isa = XCBuildConfiguration;
			buildSettings = {
				ALWAYS_EMBED_SWIFT_STANDARD_LIBRARIES = YES;
				CODE_SIGN_STYLE = Automatic;
				DEVELOPMENT_TEAM = AU4M6EJ8LK;
				INFOPLIST_FILE = DDCOfflineStoreUITests/Info.plist;
				LD_RUNPATH_SEARCH_PATHS = (
					"$(inherited)",
					"@executable_path/Frameworks",
					"@loader_path/Frameworks",
				);
				PRODUCT_BUNDLE_IDENTIFIER = com.daydaycook.store.DDCOfflineStoreUITests;
				PRODUCT_NAME = "$(TARGET_NAME)";
				SWIFT_VERSION = 4.2;
				TARGETED_DEVICE_FAMILY = "1,2";
				TEST_TARGET_NAME = DDCOfflineStore;
			};
			name = Debug;
		};
		D3F881B0215F2A950091C61A /* Release */ = {
			isa = XCBuildConfiguration;
			buildSettings = {
				ALWAYS_EMBED_SWIFT_STANDARD_LIBRARIES = YES;
				CODE_SIGN_STYLE = Automatic;
				DEVELOPMENT_TEAM = AU4M6EJ8LK;
				INFOPLIST_FILE = DDCOfflineStoreUITests/Info.plist;
				LD_RUNPATH_SEARCH_PATHS = (
					"$(inherited)",
					"@executable_path/Frameworks",
					"@loader_path/Frameworks",
				);
				PRODUCT_BUNDLE_IDENTIFIER = com.daydaycook.store.DDCOfflineStoreUITests;
				PRODUCT_NAME = "$(TARGET_NAME)";
				SWIFT_VERSION = 4.2;
				TARGETED_DEVICE_FAMILY = "1,2";
				TEST_TARGET_NAME = DDCOfflineStore;
			};
			name = Release;
		};
/* End XCBuildConfiguration section */

/* Begin XCConfigurationList section */
		D3F8817B215F2A930091C61A /* Build configuration list for PBXProject "DDCOfflineStore" */ = {
			isa = XCConfigurationList;
			buildConfigurations = (
				D3F881A6215F2A950091C61A /* Debug */,
				D3F881A7215F2A950091C61A /* Release */,
			);
			defaultConfigurationIsVisible = 0;
			defaultConfigurationName = Release;
		};
		D3F881A8215F2A950091C61A /* Build configuration list for PBXNativeTarget "DDCOfflineStore" */ = {
			isa = XCConfigurationList;
			buildConfigurations = (
				D3F881A9215F2A950091C61A /* Debug */,
				D3F881AA215F2A950091C61A /* Release */,
			);
			defaultConfigurationIsVisible = 0;
			defaultConfigurationName = Release;
		};
		D3F881AB215F2A950091C61A /* Build configuration list for PBXNativeTarget "DDCOfflineStoreTests" */ = {
			isa = XCConfigurationList;
			buildConfigurations = (
				D3F881AC215F2A950091C61A /* Debug */,
				D3F881AD215F2A950091C61A /* Release */,
			);
			defaultConfigurationIsVisible = 0;
			defaultConfigurationName = Release;
		};
		D3F881AE215F2A950091C61A /* Build configuration list for PBXNativeTarget "DDCOfflineStoreUITests" */ = {
			isa = XCConfigurationList;
			buildConfigurations = (
				D3F881AF215F2A950091C61A /* Debug */,
				D3F881B0215F2A950091C61A /* Release */,
			);
			defaultConfigurationIsVisible = 0;
			defaultConfigurationName = Release;
		};
/* End XCConfigurationList section */
	};
	rootObject = D3F88178215F2A930091C61A /* Project object */;
}
